// !$*UTF8*$!
{
	archiveVersion = 1;
	classes = {
	};
	objectVersion = 56;
	objects = {

/* Begin PBXBuildFile section */
		DA146FD728B27E340004E28E /* LayoutTestsApp.swift in Sources */ = {isa = PBXBuildFile; fileRef = DA146FD628B27E340004E28E /* LayoutTestsApp.swift */; };
		DA146FD928B27E340004E28E /* ContentView.swift in Sources */ = {isa = PBXBuildFile; fileRef = DA146FD828B27E340004E28E /* ContentView.swift */; };
		DA146FDB28B27E350004E28E /* Assets.xcassets in Resources */ = {isa = PBXBuildFile; fileRef = DA146FDA28B27E350004E28E /* Assets.xcassets */; };
		DA146FDE28B27E350004E28E /* Preview Assets.xcassets in Resources */ = {isa = PBXBuildFile; fileRef = DA146FDD28B27E350004E28E /* Preview Assets.xcassets */; };
		DA146FE828B27E350004E28E /* LayoutTestsTests.swift in Sources */ = {isa = PBXBuildFile; fileRef = DA146FE728B27E350004E28E /* LayoutTestsTests.swift */; };
		DA146FF228B27E350004E28E /* LayoutTestsUITests.swift in Sources */ = {isa = PBXBuildFile; fileRef = DA146FF128B27E350004E28E /* LayoutTestsUITests.swift */; };
		DA146FF428B27E350004E28E /* LayoutTestsUITestsLaunchTests.swift in Sources */ = {isa = PBXBuildFile; fileRef = DA146FF328B27E350004E28E /* LayoutTestsUITestsLaunchTests.swift */; };
		DA14700128B27E4B0004E28E /* FStack.swift in Sources */ = {isa = PBXBuildFile; fileRef = DA14700028B27E4B0004E28E /* FStack.swift */; };
		DA14700328B2815B0004E28E /* DeviceDetection.swift in Sources */ = {isa = PBXBuildFile; fileRef = DA14700228B2815B0004E28E /* DeviceDetection.swift */; };
		DA14700528B286C90004E28E /* SizeClassDetectionView.swift in Sources */ = {isa = PBXBuildFile; fileRef = DA14700428B286C90004E28E /* SizeClassDetectionView.swift */; };
		DA14700728B287F20004E28E /* AStack.swift in Sources */ = {isa = PBXBuildFile; fileRef = DA14700628B287F20004E28E /* AStack.swift */; };
		DA14700928B2894C0004E28E /* CloudGrid.swift in Sources */ = {isa = PBXBuildFile; fileRef = DA14700828B2894C0004E28E /* CloudGrid.swift */; };
/* End PBXBuildFile section */

/* Begin PBXContainerItemProxy section */
		DA146FE428B27E350004E28E /* PBXContainerItemProxy */ = {
			isa = PBXContainerItemProxy;
			containerPortal = DA146FCB28B27E340004E28E /* Project object */;
			proxyType = 1;
			remoteGlobalIDString = DA146FD228B27E340004E28E;
			remoteInfo = LayoutTests;
		};
		DA146FEE28B27E350004E28E /* PBXContainerItemProxy */ = {
			isa = PBXContainerItemProxy;
			containerPortal = DA146FCB28B27E340004E28E /* Project object */;
			proxyType = 1;
			remoteGlobalIDString = DA146FD228B27E340004E28E;
			remoteInfo = LayoutTests;
		};
/* End PBXContainerItemProxy section */

/* Begin PBXFileReference section */
		DA146FD328B27E340004E28E /* LayoutTests.app */ = {isa = PBXFileReference; explicitFileType = wrapper.application; includeInIndex = 0; path = LayoutTests.app; sourceTree = BUILT_PRODUCTS_DIR; };
		DA146FD628B27E340004E28E /* LayoutTestsApp.swift */ = {isa = PBXFileReference; lastKnownFileType = sourcecode.swift; path = LayoutTestsApp.swift; sourceTree = "<group>"; };
		DA146FD828B27E340004E28E /* ContentView.swift */ = {isa = PBXFileReference; lastKnownFileType = sourcecode.swift; path = ContentView.swift; sourceTree = "<group>"; };
		DA146FDA28B27E350004E28E /* Assets.xcassets */ = {isa = PBXFileReference; lastKnownFileType = folder.assetcatalog; path = Assets.xcassets; sourceTree = "<group>"; };
		DA146FDD28B27E350004E28E /* Preview Assets.xcassets */ = {isa = PBXFileReference; lastKnownFileType = folder.assetcatalog; path = "Preview Assets.xcassets"; sourceTree = "<group>"; };
		DA146FE328B27E350004E28E /* LayoutTestsTests.xctest */ = {isa = PBXFileReference; explicitFileType = wrapper.cfbundle; includeInIndex = 0; path = LayoutTestsTests.xctest; sourceTree = BUILT_PRODUCTS_DIR; };
		DA146FE728B27E350004E28E /* LayoutTestsTests.swift */ = {isa = PBXFileReference; lastKnownFileType = sourcecode.swift; path = LayoutTestsTests.swift; sourceTree = "<group>"; };
		DA146FED28B27E350004E28E /* LayoutTestsUITests.xctest */ = {isa = PBXFileReference; explicitFileType = wrapper.cfbundle; includeInIndex = 0; path = LayoutTestsUITests.xctest; sourceTree = BUILT_PRODUCTS_DIR; };
		DA146FF128B27E350004E28E /* LayoutTestsUITests.swift */ = {isa = PBXFileReference; lastKnownFileType = sourcecode.swift; path = LayoutTestsUITests.swift; sourceTree = "<group>"; };
		DA146FF328B27E350004E28E /* LayoutTestsUITestsLaunchTests.swift */ = {isa = PBXFileReference; lastKnownFileType = sourcecode.swift; path = LayoutTestsUITestsLaunchTests.swift; sourceTree = "<group>"; };
		DA14700028B27E4B0004E28E /* FStack.swift */ = {isa = PBXFileReference; lastKnownFileType = sourcecode.swift; path = FStack.swift; sourceTree = "<group>"; };
		DA14700228B2815B0004E28E /* DeviceDetection.swift */ = {isa = PBXFileReference; lastKnownFileType = sourcecode.swift; path = DeviceDetection.swift; sourceTree = "<group>"; };
		DA14700428B286C90004E28E /* SizeClassDetectionView.swift */ = {isa = PBXFileReference; fileEncoding = 4; lastKnownFileType = sourcecode.swift; path = SizeClassDetectionView.swift; sourceTree = "<group>"; };
		DA14700628B287F20004E28E /* AStack.swift */ = {isa = PBXFileReference; lastKnownFileType = sourcecode.swift; path = AStack.swift; sourceTree = "<group>"; };
		DA14700828B2894C0004E28E /* CloudGrid.swift */ = {isa = PBXFileReference; lastKnownFileType = sourcecode.swift; path = CloudGrid.swift; sourceTree = "<group>"; };
/* End PBXFileReference section */

/* Begin PBXFrameworksBuildPhase section */
		DA146FD028B27E340004E28E /* Frameworks */ = {
			isa = PBXFrameworksBuildPhase;
			buildActionMask = 2147483647;
			files = (
			);
			runOnlyForDeploymentPostprocessing = 0;
		};
		DA146FE028B27E350004E28E /* Frameworks */ = {
			isa = PBXFrameworksBuildPhase;
			buildActionMask = 2147483647;
			files = (
			);
			runOnlyForDeploymentPostprocessing = 0;
		};
		DA146FEA28B27E350004E28E /* Frameworks */ = {
			isa = PBXFrameworksBuildPhase;
			buildActionMask = 2147483647;
			files = (
			);
			runOnlyForDeploymentPostprocessing = 0;
		};
/* End PBXFrameworksBuildPhase section */

/* Begin PBXGroup section */
		DA146FCA28B27E340004E28E = {
			isa = PBXGroup;
			children = (
				DA146FD528B27E340004E28E /* LayoutTests */,
				DA146FE628B27E350004E28E /* LayoutTestsTests */,
				DA146FF028B27E350004E28E /* LayoutTestsUITests */,
				DA146FD428B27E340004E28E /* Products */,
			);
			sourceTree = "<group>";
		};
		DA146FD428B27E340004E28E /* Products */ = {
			isa = PBXGroup;
			children = (
				DA146FD328B27E340004E28E /* LayoutTests.app */,
				DA146FE328B27E350004E28E /* LayoutTestsTests.xctest */,
				DA146FED28B27E350004E28E /* LayoutTestsUITests.xctest */,
			);
			name = Products;
			sourceTree = "<group>";
		};
		DA146FD528B27E340004E28E /* LayoutTests */ = {
			isa = PBXGroup;
			children = (
				DA146FD628B27E340004E28E /* LayoutTestsApp.swift */,
				DA146FD828B27E340004E28E /* ContentView.swift */,
				DA14700428B286C90004E28E /* SizeClassDetectionView.swift */,
				DA14700028B27E4B0004E28E /* FStack.swift */,
				DA14700628B287F20004E28E /* AStack.swift */,
				DA14700828B2894C0004E28E /* CloudGrid.swift */,
				DA14700228B2815B0004E28E /* DeviceDetection.swift */,
				DA146FDA28B27E350004E28E /* Assets.xcassets */,
				DA146FDC28B27E350004E28E /* Preview Content */,
			);
			path = LayoutTests;
			sourceTree = "<group>";
		};
		DA146FDC28B27E350004E28E /* Preview Content */ = {
			isa = PBXGroup;
			children = (
				DA146FDD28B27E350004E28E /* Preview Assets.xcassets */,
			);
			path = "Preview Content";
			sourceTree = "<group>";
		};
		DA146FE628B27E350004E28E /* LayoutTestsTests */ = {
			isa = PBXGroup;
			children = (
				DA146FE728B27E350004E28E /* LayoutTestsTests.swift */,
			);
			path = LayoutTestsTests;
			sourceTree = "<group>";
		};
		DA146FF028B27E350004E28E /* LayoutTestsUITests */ = {
			isa = PBXGroup;
			children = (
				DA146FF128B27E350004E28E /* LayoutTestsUITests.swift */,
				DA146FF328B27E350004E28E /* LayoutTestsUITestsLaunchTests.swift */,
			);
			path = LayoutTestsUITests;
			sourceTree = "<group>";
		};
/* End PBXGroup section */

/* Begin PBXNativeTarget section */
		DA146FD228B27E340004E28E /* LayoutTests */ = {
			isa = PBXNativeTarget;
			buildConfigurationList = DA146FF728B27E350004E28E /* Build configuration list for PBXNativeTarget "LayoutTests" */;
			buildPhases = (
				DA146FCF28B27E340004E28E /* Sources */,
				DA146FD028B27E340004E28E /* Frameworks */,
				DA146FD128B27E340004E28E /* Resources */,
			);
			buildRules = (
			);
			dependencies = (
			);
			name = LayoutTests;
			productName = LayoutTests;
			productReference = DA146FD328B27E340004E28E /* LayoutTests.app */;
			productType = "com.apple.product-type.application";
		};
		DA146FE228B27E350004E28E /* LayoutTestsTests */ = {
			isa = PBXNativeTarget;
			buildConfigurationList = DA146FFA28B27E350004E28E /* Build configuration list for PBXNativeTarget "LayoutTestsTests" */;
			buildPhases = (
				DA146FDF28B27E350004E28E /* Sources */,
				DA146FE028B27E350004E28E /* Frameworks */,
				DA146FE128B27E350004E28E /* Resources */,
			);
			buildRules = (
			);
			dependencies = (
				DA146FE528B27E350004E28E /* PBXTargetDependency */,
			);
			name = LayoutTestsTests;
			productName = LayoutTestsTests;
			productReference = DA146FE328B27E350004E28E /* LayoutTestsTests.xctest */;
			productType = "com.apple.product-type.bundle.unit-test";
		};
		DA146FEC28B27E350004E28E /* LayoutTestsUITests */ = {
			isa = PBXNativeTarget;
			buildConfigurationList = DA146FFD28B27E350004E28E /* Build configuration list for PBXNativeTarget "LayoutTestsUITests" */;
			buildPhases = (
				DA146FE928B27E350004E28E /* Sources */,
				DA146FEA28B27E350004E28E /* Frameworks */,
				DA146FEB28B27E350004E28E /* Resources */,
			);
			buildRules = (
			);
			dependencies = (
				DA146FEF28B27E350004E28E /* PBXTargetDependency */,
			);
			name = LayoutTestsUITests;
			productName = LayoutTestsUITests;
			productReference = DA146FED28B27E350004E28E /* LayoutTestsUITests.xctest */;
			productType = "com.apple.product-type.bundle.ui-testing";
		};
/* End PBXNativeTarget section */

/* Begin PBXProject section */
		DA146FCB28B27E340004E28E /* Project object */ = {
			isa = PBXProject;
			attributes = {
				BuildIndependentTargetsInParallel = 1;
				LastSwiftUpdateCheck = 1400;
				LastUpgradeCheck = 1400;
				TargetAttributes = {
					DA146FD228B27E340004E28E = {
						CreatedOnToolsVersion = 14.0;
					};
					DA146FE228B27E350004E28E = {
						CreatedOnToolsVersion = 14.0;
						TestTargetID = DA146FD228B27E340004E28E;
					};
					DA146FEC28B27E350004E28E = {
						CreatedOnToolsVersion = 14.0;
						TestTargetID = DA146FD228B27E340004E28E;
					};
				};
			};
			buildConfigurationList = DA146FCE28B27E340004E28E /* Build configuration list for PBXProject "LayoutTests" */;
			compatibilityVersion = "Xcode 14.0";
			developmentRegion = en;
			hasScannedForEncodings = 0;
			knownRegions = (
				en,
				Base,
			);
			mainGroup = DA146FCA28B27E340004E28E;
			productRefGroup = DA146FD428B27E340004E28E /* Products */;
			projectDirPath = "";
			projectRoot = "";
			targets = (
				DA146FD228B27E340004E28E /* LayoutTests */,
				DA146FE228B27E350004E28E /* LayoutTestsTests */,
				DA146FEC28B27E350004E28E /* LayoutTestsUITests */,
			);
		};
/* End PBXProject section */

/* Begin PBXResourcesBuildPhase section */
		DA146FD128B27E340004E28E /* Resources */ = {
			isa = PBXResourcesBuildPhase;
			buildActionMask = 2147483647;
			files = (
				DA146FDE28B27E350004E28E /* Preview Assets.xcassets in Resources */,
				DA146FDB28B27E350004E28E /* Assets.xcassets in Resources */,
			);
			runOnlyForDeploymentPostprocessing = 0;
		};
		DA146FE128B27E350004E28E /* Resources */ = {
			isa = PBXResourcesBuildPhase;
			buildActionMask = 2147483647;
			files = (
			);
			runOnlyForDeploymentPostprocessing = 0;
		};
		DA146FEB28B27E350004E28E /* Resources */ = {
			isa = PBXResourcesBuildPhase;
			buildActionMask = 2147483647;
			files = (
			);
			runOnlyForDeploymentPostprocessing = 0;
		};
/* End PBXResourcesBuildPhase section */

/* Begin PBXSourcesBuildPhase section */
		DA146FCF28B27E340004E28E /* Sources */ = {
			isa = PBXSourcesBuildPhase;
			buildActionMask = 2147483647;
			files = (
				DA14700128B27E4B0004E28E /* FStack.swift in Sources */,
				DA146FD928B27E340004E28E /* ContentView.swift in Sources */,
				DA14700528B286C90004E28E /* SizeClassDetectionView.swift in Sources */,
				DA146FD728B27E340004E28E /* LayoutTestsApp.swift in Sources */,
				DA14700728B287F20004E28E /* AStack.swift in Sources */,
				DA14700928B2894C0004E28E /* CloudGrid.swift in Sources */,
				DA14700328B2815B0004E28E /* DeviceDetection.swift in Sources */,
			);
			runOnlyForDeploymentPostprocessing = 0;
		};
		DA146FDF28B27E350004E28E /* Sources */ = {
			isa = PBXSourcesBuildPhase;
			buildActionMask = 2147483647;
			files = (
				DA146FE828B27E350004E28E /* LayoutTestsTests.swift in Sources */,
			);
			runOnlyForDeploymentPostprocessing = 0;
		};
		DA146FE928B27E350004E28E /* Sources */ = {
			isa = PBXSourcesBuildPhase;
			buildActionMask = 2147483647;
			files = (
				DA146FF428B27E350004E28E /* LayoutTestsUITestsLaunchTests.swift in Sources */,
				DA146FF228B27E350004E28E /* LayoutTestsUITests.swift in Sources */,
			);
			runOnlyForDeploymentPostprocessing = 0;
		};
/* End PBXSourcesBuildPhase section */

/* Begin PBXTargetDependency section */
		DA146FE528B27E350004E28E /* PBXTargetDependency */ = {
			isa = PBXTargetDependency;
			target = DA146FD228B27E340004E28E /* LayoutTests */;
			targetProxy = DA146FE428B27E350004E28E /* PBXContainerItemProxy */;
		};
		DA146FEF28B27E350004E28E /* PBXTargetDependency */ = {
			isa = PBXTargetDependency;
			target = DA146FD228B27E340004E28E /* LayoutTests */;
			targetProxy = DA146FEE28B27E350004E28E /* PBXContainerItemProxy */;
		};
/* End PBXTargetDependency section */

/* Begin XCBuildConfiguration section */
		DA146FF528B27E350004E28E /* Debug */ = {
			isa = XCBuildConfiguration;
			buildSettings = {
				ALWAYS_SEARCH_USER_PATHS = NO;
				CLANG_ANALYZER_NONNULL = YES;
				CLANG_ANALYZER_NUMBER_OBJECT_CONVERSION = YES_AGGRESSIVE;
				CLANG_CXX_LANGUAGE_STANDARD = "gnu++20";
				CLANG_ENABLE_MODULES = YES;
				CLANG_ENABLE_OBJC_ARC = YES;
				CLANG_ENABLE_OBJC_WEAK = YES;
				CLANG_WARN_BLOCK_CAPTURE_AUTORELEASING = YES;
				CLANG_WARN_BOOL_CONVERSION = YES;
				CLANG_WARN_COMMA = YES;
				CLANG_WARN_CONSTANT_CONVERSION = YES;
				CLANG_WARN_DEPRECATED_OBJC_IMPLEMENTATIONS = YES;
				CLANG_WARN_DIRECT_OBJC_ISA_USAGE = YES_ERROR;
				CLANG_WARN_DOCUMENTATION_COMMENTS = YES;
				CLANG_WARN_EMPTY_BODY = YES;
				CLANG_WARN_ENUM_CONVERSION = YES;
				CLANG_WARN_INFINITE_RECURSION = YES;
				CLANG_WARN_INT_CONVERSION = YES;
				CLANG_WARN_NON_LITERAL_NULL_CONVERSION = YES;
				CLANG_WARN_OBJC_IMPLICIT_RETAIN_SELF = YES;
				CLANG_WARN_OBJC_LITERAL_CONVERSION = YES;
				CLANG_WARN_OBJC_ROOT_CLASS = YES_ERROR;
				CLANG_WARN_QUOTED_INCLUDE_IN_FRAMEWORK_HEADER = YES;
				CLANG_WARN_RANGE_LOOP_ANALYSIS = YES;
				CLANG_WARN_STRICT_PROTOTYPES = YES;
				CLANG_WARN_SUSPICIOUS_MOVE = YES;
				CLANG_WARN_UNGUARDED_AVAILABILITY = YES_AGGRESSIVE;
				CLANG_WARN_UNREACHABLE_CODE = YES;
				CLANG_WARN__DUPLICATE_METHOD_MATCH = YES;
				COPY_PHASE_STRIP = NO;
				DEBUG_INFORMATION_FORMAT = dwarf;
				ENABLE_STRICT_OBJC_MSGSEND = YES;
				ENABLE_TESTABILITY = YES;
				GCC_C_LANGUAGE_STANDARD = gnu11;
				GCC_DYNAMIC_NO_PIC = NO;
				GCC_NO_COMMON_BLOCKS = YES;
				GCC_OPTIMIZATION_LEVEL = 0;
				GCC_PREPROCESSOR_DEFINITIONS = (
					"DEBUG=1",
					"$(inherited)",
				);
				GCC_WARN_64_TO_32_BIT_CONVERSION = YES;
				GCC_WARN_ABOUT_RETURN_TYPE = YES_ERROR;
				GCC_WARN_UNDECLARED_SELECTOR = YES;
				GCC_WARN_UNINITIALIZED_AUTOS = YES_AGGRESSIVE;
				GCC_WARN_UNUSED_FUNCTION = YES;
				GCC_WARN_UNUSED_VARIABLE = YES;
				IPHONEOS_DEPLOYMENT_TARGET = 16.0;
				MTL_ENABLE_DEBUG_INFO = INCLUDE_SOURCE;
				MTL_FAST_MATH = YES;
				ONLY_ACTIVE_ARCH = YES;
				SDKROOT = iphoneos;
				SWIFT_ACTIVE_COMPILATION_CONDITIONS = DEBUG;
				SWIFT_OPTIMIZATION_LEVEL = "-Onone";
			};
			name = Debug;
		};
		DA146FF628B27E350004E28E /* Release */ = {
			isa = XCBuildConfiguration;
			buildSettings = {
				ALWAYS_SEARCH_USER_PATHS = NO;
				CLANG_ANALYZER_NONNULL = YES;
				CLANG_ANALYZER_NUMBER_OBJECT_CONVERSION = YES_AGGRESSIVE;
				CLANG_CXX_LANGUAGE_STANDARD = "gnu++20";
				CLANG_ENABLE_MODULES = YES;
				CLANG_ENABLE_OBJC_ARC = YES;
				CLANG_ENABLE_OBJC_WEAK = YES;
				CLANG_WARN_BLOCK_CAPTURE_AUTORELEASING = YES;
				CLANG_WARN_BOOL_CONVERSION = YES;
				CLANG_WARN_COMMA = YES;
				CLANG_WARN_CONSTANT_CONVERSION = YES;
				CLANG_WARN_DEPRECATED_OBJC_IMPLEMENTATIONS = YES;
				CLANG_WARN_DIRECT_OBJC_ISA_USAGE = YES_ERROR;
				CLANG_WARN_DOCUMENTATION_COMMENTS = YES;
				CLANG_WARN_EMPTY_BODY = YES;
				CLANG_WARN_ENUM_CONVERSION = YES;
				CLANG_WARN_INFINITE_RECURSION = YES;
				CLANG_WARN_INT_CONVERSION = YES;
				CLANG_WARN_NON_LITERAL_NULL_CONVERSION = YES;
				CLANG_WARN_OBJC_IMPLICIT_RETAIN_SELF = YES;
				CLANG_WARN_OBJC_LITERAL_CONVERSION = YES;
				CLANG_WARN_OBJC_ROOT_CLASS = YES_ERROR;
				CLANG_WARN_QUOTED_INCLUDE_IN_FRAMEWORK_HEADER = YES;
				CLANG_WARN_RANGE_LOOP_ANALYSIS = YES;
				CLANG_WARN_STRICT_PROTOTYPES = YES;
				CLANG_WARN_SUSPICIOUS_MOVE = YES;
				CLANG_WARN_UNGUARDED_AVAILABILITY = YES_AGGRESSIVE;
				CLANG_WARN_UNREACHABLE_CODE = YES;
				CLANG_WARN__DUPLICATE_METHOD_MATCH = YES;
				COPY_PHASE_STRIP = NO;
				DEBUG_INFORMATION_FORMAT = "dwarf-with-dsym";
				ENABLE_NS_ASSERTIONS = NO;
				ENABLE_STRICT_OBJC_MSGSEND = YES;
				GCC_C_LANGUAGE_STANDARD = gnu11;
				GCC_NO_COMMON_BLOCKS = YES;
				GCC_WARN_64_TO_32_BIT_CONVERSION = YES;
				GCC_WARN_ABOUT_RETURN_TYPE = YES_ERROR;
				GCC_WARN_UNDECLARED_SELECTOR = YES;
				GCC_WARN_UNINITIALIZED_AUTOS = YES_AGGRESSIVE;
				GCC_WARN_UNUSED_FUNCTION = YES;
				GCC_WARN_UNUSED_VARIABLE = YES;
				IPHONEOS_DEPLOYMENT_TARGET = 16.0;
				MTL_ENABLE_DEBUG_INFO = NO;
				MTL_FAST_MATH = YES;
				SDKROOT = iphoneos;
				SWIFT_COMPILATION_MODE = wholemodule;
				SWIFT_OPTIMIZATION_LEVEL = "-O";
				VALIDATE_PRODUCT = YES;
			};
			name = Release;
		};
		DA146FF828B27E350004E28E /* Debug */ = {
			isa = XCBuildConfiguration;
			buildSettings = {
				ASSETCATALOG_COMPILER_APPICON_NAME = AppIcon;
				ASSETCATALOG_COMPILER_GLOBAL_ACCENT_COLOR_NAME = AccentColor;
				CODE_SIGN_STYLE = Automatic;
				CURRENT_PROJECT_VERSION = 1;
				DEVELOPMENT_ASSET_PATHS = "\"LayoutTests/Preview Content\"";
				ENABLE_PREVIEWS = YES;
				GENERATE_INFOPLIST_FILE = YES;
				INFOPLIST_KEY_UIApplicationSceneManifest_Generation = YES;
				INFOPLIST_KEY_UIApplicationSupportsIndirectInputEvents = YES;
				INFOPLIST_KEY_UILaunchScreen_Generation = YES;
				INFOPLIST_KEY_UISupportedInterfaceOrientations_iPad = "UIInterfaceOrientationPortrait UIInterfaceOrientationPortraitUpsideDown UIInterfaceOrientationLandscapeLeft UIInterfaceOrientationLandscapeRight";
				INFOPLIST_KEY_UISupportedInterfaceOrientations_iPhone = "UIInterfaceOrientationPortrait UIInterfaceOrientationLandscapeLeft UIInterfaceOrientationLandscapeRight";
				LD_RUNPATH_SEARCH_PATHS = (
					"$(inherited)",
					"@executable_path/Frameworks",
				);
				MARKETING_VERSION = 1.0;
				PRODUCT_BUNDLE_IDENTIFIER = com.carlynorama.LayoutTests;
				PRODUCT_NAME = "$(TARGET_NAME)";
				SWIFT_EMIT_LOC_STRINGS = YES;
				SWIFT_VERSION = 5.0;
				TARGETED_DEVICE_FAMILY = "1,2";
			};
			name = Debug;
		};
		DA146FF928B27E350004E28E /* Release */ = {
			isa = XCBuildConfiguration;
			buildSettings = {
				ASSETCATALOG_COMPILER_APPICON_NAME = AppIcon;
				ASSETCATALOG_COMPILER_GLOBAL_ACCENT_COLOR_NAME = AccentColor;
				CODE_SIGN_STYLE = Automatic;
				CURRENT_PROJECT_VERSION = 1;
				DEVELOPMENT_ASSET_PATHS = "\"LayoutTests/Preview Content\"";
				ENABLE_PREVIEWS = YES;
				GENERATE_INFOPLIST_FILE = YES;
				INFOPLIST_KEY_UIApplicationSceneManifest_Generation = YES;
				INFOPLIST_KEY_UIApplicationSupportsIndirectInputEvents = YES;
				INFOPLIST_KEY_UILaunchScreen_Generation = YES;
				INFOPLIST_KEY_UISupportedInterfaceOrientations_iPad = "UIInterfaceOrientationPortrait UIInterfaceOrientationPortraitUpsideDown UIInterfaceOrientationLandscapeLeft UIInterfaceOrientationLandscapeRight";
				INFOPLIST_KEY_UISupportedInterfaceOrientations_iPhone = "UIInterfaceOrientationPortrait UIInterfaceOrientationLandscapeLeft UIInterfaceOrientationLandscapeRight";
				LD_RUNPATH_SEARCH_PATHS = (
					"$(inherited)",
					"@executable_path/Frameworks",
				);
				MARKETING_VERSION = 1.0;
				PRODUCT_BUNDLE_IDENTIFIER = com.carlynorama.LayoutTests;
				PRODUCT_NAME = "$(TARGET_NAME)";
				SWIFT_EMIT_LOC_STRINGS = YES;
				SWIFT_VERSION = 5.0;
				TARGETED_DEVICE_FAMILY = "1,2";
			};
			name = Release;
		};
		DA146FFB28B27E350004E28E /* Debug */ = {
			isa = XCBuildConfiguration;
			buildSettings = {
				ALWAYS_EMBED_SWIFT_STANDARD_LIBRARIES = YES;
				BUNDLE_LOADER = "$(TEST_HOST)";
				CODE_SIGN_STYLE = Automatic;
				CURRENT_PROJECT_VERSION = 1;
				GENERATE_INFOPLIST_FILE = YES;
				IPHONEOS_DEPLOYMENT_TARGET = 16.0;
				MARKETING_VERSION = 1.0;
				PRODUCT_BUNDLE_IDENTIFIER = com.carlynorama.LayoutTestsTests;
				PRODUCT_NAME = "$(TARGET_NAME)";
				SWIFT_EMIT_LOC_STRINGS = NO;
				SWIFT_VERSION = 5.0;
				TARGETED_DEVICE_FAMILY = "1,2";
				TEST_HOST = "$(BUILT_PRODUCTS_DIR)/LayoutTests.app/$(BUNDLE_EXECUTABLE_FOLDER_PATH)/LayoutTests";
			};
			name = Debug;
		};
		DA146FFC28B27E350004E28E /* Release */ = {
			isa = XCBuildConfiguration;
			buildSettings = {
				ALWAYS_EMBED_SWIFT_STANDARD_LIBRARIES = YES;
				BUNDLE_LOADER = "$(TEST_HOST)";
				CODE_SIGN_STYLE = Automatic;
				CURRENT_PROJECT_VERSION = 1;
				GENERATE_INFOPLIST_FILE = YES;
				IPHONEOS_DEPLOYMENT_TARGET = 16.0;
				MARKETING_VERSION = 1.0;
				PRODUCT_BUNDLE_IDENTIFIER = com.carlynorama.LayoutTestsTests;
				PRODUCT_NAME = "$(TARGET_NAME)";
				SWIFT_EMIT_LOC_STRINGS = NO;
				SWIFT_VERSION = 5.0;
				TARGETED_DEVICE_FAMILY = "1,2";
				TEST_HOST = "$(BUILT_PRODUCTS_DIR)/LayoutTests.app/$(BUNDLE_EXECUTABLE_FOLDER_PATH)/LayoutTests";
			};
			name = Release;
		};
		DA146FFE28B27E350004E28E /* Debug */ = {
			isa = XCBuildConfiguration;
			buildSettings = {
				ALWAYS_EMBED_SWIFT_STANDARD_LIBRARIES = YES;
				CODE_SIGN_STYLE = Automatic;
				CURRENT_PROJECT_VERSION = 1;
				GENERATE_INFOPLIST_FILE = YES;
				MARKETING_VERSION = 1.0;
				PRODUCT_BUNDLE_IDENTIFIER = com.carlynorama.LayoutTestsUITests;
				PRODUCT_NAME = "$(TARGET_NAME)";
				SWIFT_EMIT_LOC_STRINGS = NO;
				SWIFT_VERSION = 5.0;
				TARGETED_DEVICE_FAMILY = "1,2";
				TEST_TARGET_NAME = LayoutTests;
			};
			name = Debug;
		};
		DA146FFF28B27E350004E28E /* Release */ = {
			isa = XCBuildConfiguration;
			buildSettings = {
				ALWAYS_EMBED_SWIFT_STANDARD_LIBRARIES = YES;
				CODE_SIGN_STYLE = Automatic;
				CURRENT_PROJECT_VERSION = 1;
				GENERATE_INFOPLIST_FILE = YES;
				MARKETING_VERSION = 1.0;
				PRODUCT_BUNDLE_IDENTIFIER = com.carlynorama.LayoutTestsUITests;
				PRODUCT_NAME = "$(TARGET_NAME)";
				SWIFT_EMIT_LOC_STRINGS = NO;
				SWIFT_VERSION = 5.0;
				TARGETED_DEVICE_FAMILY = "1,2";
				TEST_TARGET_NAME = LayoutTests;
			};
			name = Release;
		};
/* End XCBuildConfiguration section */

/* Begin XCConfigurationList section */
		DA146FCE28B27E340004E28E /* Build configuration list for PBXProject "LayoutTests" */ = {
			isa = XCConfigurationList;
			buildConfigurations = (
				DA146FF528B27E350004E28E /* Debug */,
				DA146FF628B27E350004E28E /* Release */,
			);
			defaultConfigurationIsVisible = 0;
			defaultConfigurationName = Release;
		};
		DA146FF728B27E350004E28E /* Build configuration list for PBXNativeTarget "LayoutTests" */ = {
			isa = XCConfigurationList;
			buildConfigurations = (
				DA146FF828B27E350004E28E /* Debug */,
				DA146FF928B27E350004E28E /* Release */,
			);
			defaultConfigurationIsVisible = 0;
			defaultConfigurationName = Release;
		};
		DA146FFA28B27E350004E28E /* Build configuration list for PBXNativeTarget "LayoutTestsTests" */ = {
			isa = XCConfigurationList;
			buildConfigurations = (
				DA146FFB28B27E350004E28E /* Debug */,
				DA146FFC28B27E350004E28E /* Release */,
			);
			defaultConfigurationIsVisible = 0;
			defaultConfigurationName = Release;
		};
		DA146FFD28B27E350004E28E /* Build configuration list for PBXNativeTarget "LayoutTestsUITests" */ = {
			isa = XCConfigurationList;
			buildConfigurations = (
				DA146FFE28B27E350004E28E /* Debug */,
				DA146FFF28B27E350004E28E /* Release */,
			);
			defaultConfigurationIsVisible = 0;
			defaultConfigurationName = Release;
		};
/* End XCConfigurationList section */
	};
	rootObject = DA146FCB28B27E340004E28E /* Project object */;
}
